
Microsoft Visual Studio Solution File, Format Version 12.00
# Visual Studio 2015
Project("{FAE04EC0-301F-11D3-BF4B-00C04F79EFBC}") = "TDG.CSharp.Plugins", "TDG.CSharp.Plugins.csproj", "{311184EA-EE22-CDB8-C7CA-FC16D1379A3D}"
EndProject
Project("{FAE04EC0-301F-11D3-BF4B-00C04F79EFBC}") = "TDG.CSharp", "TDG.CSharp.csproj", "{BF89C7F6-9110-303D-7C5E-AEAC6E38780B}"
EndProject
Project("{FAE04EC0-301F-11D3-BF4B-00C04F79EFBC}") = "TDG.CSharp.Editor", "TDG.CSharp.Editor.csproj", "{5443C16A-1064-A12B-9D29-2E64ACE5C19E}"
EndProject
Global
	GlobalSection(SolutionConfigurationPlatforms) = preSolution
		Debug|Any CPU = Debug|Any CPU
		Release|Any CPU = Release|Any CPU
	EndGlobalSection
	GlobalSection(ProjectConfigurationPlatforms) = postSolution
		{311184EA-EE22-CDB8-C7CA-FC16D1379A3D}.Debug|Any CPU.ActiveCfg = Debug|Any CPU
		{311184EA-EE22-CDB8-C7CA-FC16D1379A3D}.Debug|Any CPU.Build.0 = Debug|Any CPU
		{311184EA-EE22-CDB8-C7CA-FC16D1379A3D}.Release|Any CPU.ActiveCfg = Release|Any CPU
		{311184EA-EE22-CDB8-C7CA-FC16D1379A3D}.Release|Any CPU.Build.0 = Release|Any CPU
		{BF89C7F6-9110-303D-7C5E-AEAC6E38780B}.Debug|Any CPU.ActiveCfg = Debug|Any CPU
		{BF89C7F6-9110-303D-7C5E-AEAC6E38780B}.Debug|Any CPU.Build.0 = Debug|Any CPU
		{BF89C7F6-9110-303D-7C5E-AEAC6E38780B}.Release|Any CPU.ActiveCfg = Release|Any CPU
		{BF89C7F6-9110-303D-7C5E-AEAC6E38780B}.Release|Any CPU.Build.0 = Release|Any CPU
		{5443C16A-1064-A12B-9D29-2E64ACE5C19E}.Debug|Any CPU.ActiveCfg = Debug|Any CPU
		{5443C16A-1064-A12B-9D29-2E64ACE5C19E}.Debug|Any CPU.Build.0 = Debug|Any CPU
		{5443C16A-1064-A12B-9D29-2E64ACE5C19E}.Release|Any CPU.ActiveCfg = Release|Any CPU
		{5443C16A-1064-A12B-9D29-2E64ACE5C19E}.Release|Any CPU.Build.0 = Release|Any CPU
	EndGlobalSection
	GlobalSection(SolutionProperties) = preSolution
		HideSolutionNode = FALSE
	EndGlobalSection
EndGlobal
