Microsoft Visual Studio Solution File, Format Version 11.00
# Visual Studio 2008

Project("{F11525C4-0725-11C5-3793-6E07AF40ADB1}") = "Tunnel_Defense_Game_2D", "Assembly-CSharp-firstpass.csproj", "{BB4D81B3-F870-2EAD-B461-98CED501CD4B}"
EndProject
Project("{F11525C4-0725-11C5-3793-6E07AF40ADB1}") = "Tunnel_Defense_Game_2D", "Assembly-CSharp.csproj", "{23BE9CA4-5F29-B212-2A3E-ECFFCB0918FE}"
EndProject
Global
	GlobalSection(SolutionConfigurationPlatforms) = preSolution
		Debug|Any CPU = Debug|Any CPU
		Release|Any CPU = Release|Any CPU
	EndGlobalSection
	GlobalSection(ProjectConfigurationPlatforms) = postSolution
		{BB4D81B3-F870-2EAD-B461-98CED501CD4B}.Debug|Any CPU.ActiveCfg = Debug|Any CPU
		{BB4D81B3-F870-2EAD-B461-98CED501CD4B}.Debug|Any CPU.Build.0 = Debug|Any CPU
		{BB4D81B3-F870-2EAD-B461-98CED501CD4B}.Release|Any CPU.ActiveCfg = Release|Any CPU
		{BB4D81B3-F870-2EAD-B461-98CED501CD4B}.Release|Any CPU.Build.0 = Release|Any CPU
		{23BE9CA4-5F29-B212-2A3E-ECFFCB0918FE}.Debug|Any CPU.ActiveCfg = Debug|Any CPU
		{23BE9CA4-5F29-B212-2A3E-ECFFCB0918FE}.Debug|Any CPU.Build.0 = Debug|Any CPU
		{23BE9CA4-5F29-B212-2A3E-ECFFCB0918FE}.Release|Any CPU.ActiveCfg = Release|Any CPU
		{23BE9CA4-5F29-B212-2A3E-ECFFCB0918FE}.Release|Any CPU.Build.0 = Release|Any CPU
	EndGlobalSection
	GlobalSection(SolutionProperties) = preSolution
		HideSolutionNode = FALSE
	EndGlobalSection
	GlobalSection(MonoDevelopProperties) = preSolution
		StartupItem = Assembly-CSharp.csproj
	EndGlobalSection
EndGlobal
